
Microsoft Visual Studio Solution File, Format Version 11.00
# Visual Studio 2010
Project("{FAE04EC0-301F-11D3-BF4B-00C04F79EFBC}") = "Modules.Communal.CocoaChina", "Modules.Communal.CocoaChina.csproj", "{52ABD596-FACC-47F5-B353-9479F3C39984}"
EndProject
Global
	GlobalSection(SolutionConfigurationPlatforms) = preSolution
		Debug|Any CPU = Debug|Any CPU
		Release|Any CPU = Release|Any CPU
	EndGlobalSection
	GlobalSection(ProjectConfigurationPlatforms) = postSolution
		{52ABD596-FACC-47F5-B353-9479F3C39984}.Debug|Any CPU.ActiveCfg = Debug|Any CPU
		{52ABD596-FACC-47F5-B353-9479F3C39984}.Debug|Any CPU.Build.0 = Debug|Any CPU
		{52ABD596-FACC-47F5-B353-9479F3C39984}.Release|Any CPU.ActiveCfg = Release|Any CPU
		{52ABD596-FACC-47F5-B353-9479F3C39984}.Release|Any CPU.Build.0 = Release|Any CPU
	EndGlobalSection
	GlobalSection(SolutionProperties) = preSolution
		HideSolutionNode = FALSE
	EndGlobalSection
EndGlobal
