
Microsoft Visual Studio Solution File, Format Version 11.00
# Visual Studio 2010
Project("{FAE04EC0-301F-11D3-BF4B-00C04F79EFBC}") = "CocoStudio.Gtk.Extend", "CocoStudio.Gtk.Extend.csproj", "{BEE1A330-6030-41B8-8FE3-60ED9E918BEE}"
EndProject
Global
	GlobalSection(SolutionConfigurationPlatforms) = preSolution
		Debug|Any CPU = Debug|Any CPU
		Release|Any CPU = Release|Any CPU
	EndGlobalSection
	GlobalSection(ProjectConfigurationPlatforms) = postSolution
		{BEE1A330-6030-41B8-8FE3-60ED9E918BEE}.Debug|Any CPU.ActiveCfg = Debug|Any CPU
		{BEE1A330-6030-41B8-8FE3-60ED9E918BEE}.Debug|Any CPU.Build.0 = Debug|Any CPU
		{BEE1A330-6030-41B8-8FE3-60ED9E918BEE}.Release|Any CPU.ActiveCfg = Release|Any CPU
		{BEE1A330-6030-41B8-8FE3-60ED9E918BEE}.Release|Any CPU.Build.0 = Release|Any CPU
	EndGlobalSection
	GlobalSection(SolutionProperties) = preSolution
		HideSolutionNode = FALSE
	EndGlobalSection
EndGlobal
